<?xml version="1.0" encoding="utf-8"?>
<Project ToolsVersion="4.0" xmlns="http://schemas.microsoft.com/developer/msbuild/2003">
  <ItemGroup>
    <ClCompile Include="src\main.cpp" />
    <ClCompile Include="src\Server.cpp" />
    <ClCompile Include="src\Chatroom.cpp" />
    <ClCompile Include="db\UserData" />
    <ClCompile Include="src\User.cpp" />
  </ItemGroup>
  <ItemGroup>
    <ClInclude Include="src\Server.h" />
    <ClInclude Include="src\Chatroom.h" />
    <ClInclude Include="src\User.h" />
  </ItemGroup>
</Project>